
Microsoft Visual Studio Solution File, Format Version 12.00
# Visual Studio Version 16
VisualStudioVersion = 16.0.29709.97
MinimumVisualStudioVersion = 10.0.40219.1
Project("{888888A0-9F3D-457C-B088-3A5042F75D52}") = "AliyunDDNSTools", "AliyunDDNSTools.pyproj", "{2D51080D-8F1A-43B5-91EE-CEE329442520}"
EndProject
Global
	GlobalSection(SolutionConfigurationPlatforms) = preSolution
		Debug|Any CPU = Debug|Any CPU
		Release|Any CPU = Release|Any CPU
	EndGlobalSection
	GlobalSection(ProjectConfigurationPlatforms) = postSolution
		{2D51080D-8F1A-43B5-91EE-CEE329442520}.Debug|Any CPU.ActiveCfg = Debug|Any CPU
		{2D51080D-8F1A-43B5-91EE-CEE329442520}.Release|Any CPU.ActiveCfg = Release|Any CPU
	EndGlobalSection
	GlobalSection(SolutionProperties) = preSolution
		HideSolutionNode = FALSE
	EndGlobalSection
	GlobalSection(ExtensibilityGlobals) = postSolution
		SolutionGuid = {DCECB5EF-6D01-42A1-8322-3585E0B1640B}
	EndGlobalSection
EndGlobal
